
Microsoft Visual Studio Solution File, Format Version 12.00
# Visual Studio Version 17
VisualStudioVersion = 17.5.33516.290
MinimumVisualStudioVersion = 10.0.40219.1
Project("{FAE04EC0-301F-11D3-BF4B-00C04F79EFBC}") = "MiPetCR", "MiPetCR.csproj", "{E0C405E1-BF79-43DA-93DF-7CF9EF5E6D16}"
EndProject
Global
	GlobalSection(SolutionConfigurationPlatforms) = preSolution
		Debug|Any CPU = Debug|Any CPU
		Release|Any CPU = Release|Any CPU
	EndGlobalSection
	GlobalSection(ProjectConfigurationPlatforms) = postSolution
		{E0C405E1-BF79-43DA-93DF-7CF9EF5E6D16}.Debug|Any CPU.ActiveCfg = Debug|Any CPU
		{E0C405E1-BF79-43DA-93DF-7CF9EF5E6D16}.Debug|Any CPU.Build.0 = Debug|Any CPU
		{E0C405E1-BF79-43DA-93DF-7CF9EF5E6D16}.Release|Any CPU.ActiveCfg = Release|Any CPU
		{E0C405E1-BF79-43DA-93DF-7CF9EF5E6D16}.Release|Any CPU.Build.0 = Release|Any CPU
	EndGlobalSection
	GlobalSection(SolutionProperties) = preSolution
		HideSolutionNode = FALSE
	EndGlobalSection
	GlobalSection(ExtensibilityGlobals) = postSolution
		SolutionGuid = {E49B20C4-2790-448E-87D0-09B58BA195BC}
	EndGlobalSection
EndGlobal
